
Microsoft Visual Studio Solution File, Format Version 12.00
# Visual Studio 2012
Project("{FAE04EC0-301F-11D3-BF4B-00C04F79EFBC}") = "QuanLyCuaHangDienMay", "QuanLyCuaHangDienMay\QuanLyCuaHangDienMay.csproj", "{557B1CCF-A255-4CC7-802A-FD6DB776C291}"
EndProject
Project("{FAE04EC0-301F-11D3-BF4B-00C04F79EFBC}") = "Controls", "Controls\Controls.csproj", "{4066E516-18B3-4678-880B-B0CA33513D84}"
EndProject
Project("{FAE04EC0-301F-11D3-BF4B-00C04F79EFBC}") = "DAL", "DAL\DAL.csproj", "{671803CE-2C34-4CC2-9204-911D5FA19172}"
EndProject
Project("{FAE04EC0-301F-11D3-BF4B-00C04F79EFBC}") = "BLL", "BLL\BLL.csproj", "{602061FC-41DF-4856-806F-7B8E4EC9AB81}"
EndProject
Project("{FAE04EC0-301F-11D3-BF4B-00C04F79EFBC}") = "HopDen", "HopDen\HopDen.csproj", "{BD7543D1-6764-4F0C-93DE-450CA9959E9D}"
EndProject
Global
	GlobalSection(SolutionConfigurationPlatforms) = preSolution
		Debug|Any CPU = Debug|Any CPU
		Release|Any CPU = Release|Any CPU
	EndGlobalSection
	GlobalSection(ProjectConfigurationPlatforms) = postSolution
		{557B1CCF-A255-4CC7-802A-FD6DB776C291}.Debug|Any CPU.ActiveCfg = Debug|Any CPU
		{557B1CCF-A255-4CC7-802A-FD6DB776C291}.Debug|Any CPU.Build.0 = Debug|Any CPU
		{557B1CCF-A255-4CC7-802A-FD6DB776C291}.Release|Any CPU.ActiveCfg = Release|Any CPU
		{557B1CCF-A255-4CC7-802A-FD6DB776C291}.Release|Any CPU.Build.0 = Release|Any CPU
		{4066E516-18B3-4678-880B-B0CA33513D84}.Debug|Any CPU.ActiveCfg = Debug|Any CPU
		{4066E516-18B3-4678-880B-B0CA33513D84}.Debug|Any CPU.Build.0 = Debug|Any CPU
		{4066E516-18B3-4678-880B-B0CA33513D84}.Release|Any CPU.ActiveCfg = Release|Any CPU
		{4066E516-18B3-4678-880B-B0CA33513D84}.Release|Any CPU.Build.0 = Release|Any CPU
		{671803CE-2C34-4CC2-9204-911D5FA19172}.Debug|Any CPU.ActiveCfg = Debug|Any CPU
		{671803CE-2C34-4CC2-9204-911D5FA19172}.Debug|Any CPU.Build.0 = Debug|Any CPU
		{671803CE-2C34-4CC2-9204-911D5FA19172}.Release|Any CPU.ActiveCfg = Release|Any CPU
		{671803CE-2C34-4CC2-9204-911D5FA19172}.Release|Any CPU.Build.0 = Release|Any CPU
		{602061FC-41DF-4856-806F-7B8E4EC9AB81}.Debug|Any CPU.ActiveCfg = Debug|Any CPU
		{602061FC-41DF-4856-806F-7B8E4EC9AB81}.Debug|Any CPU.Build.0 = Debug|Any CPU
		{602061FC-41DF-4856-806F-7B8E4EC9AB81}.Release|Any CPU.ActiveCfg = Release|Any CPU
		{602061FC-41DF-4856-806F-7B8E4EC9AB81}.Release|Any CPU.Build.0 = Release|Any CPU
		{BD7543D1-6764-4F0C-93DE-450CA9959E9D}.Debug|Any CPU.ActiveCfg = Debug|Any CPU
		{BD7543D1-6764-4F0C-93DE-450CA9959E9D}.Debug|Any CPU.Build.0 = Debug|Any CPU
		{BD7543D1-6764-4F0C-93DE-450CA9959E9D}.Release|Any CPU.ActiveCfg = Release|Any CPU
		{BD7543D1-6764-4F0C-93DE-450CA9959E9D}.Release|Any CPU.Build.0 = Release|Any CPU
	EndGlobalSection
	GlobalSection(SolutionProperties) = preSolution
		HideSolutionNode = FALSE
	EndGlobalSection
	GlobalSection(ExtensibilityGlobals) = postSolution
		SolutionGuid = {272B1A5F-DC87-4074-9583-CA1FD53D431E}
	EndGlobalSection
EndGlobal
